
Microsoft Visual Studio Solution File, Format Version 12.00
# Visual Studio Version 16
VisualStudioVersion = 16.0.31321.278
MinimumVisualStudioVersion = 10.0.40219.1
Project("{8BC9CEB8-8B4A-11D0-8D11-00A0C91BC942}") = "MyMedianFilter", "MyMedianFilter\MyMedianFilter.vcxproj", "{3A6C786F-ABC4-4D97-AA4C-5205987CBF88}"
EndProject
Global
	GlobalSection(SolutionConfigurationPlatforms) = preSolution
		Debug|x64 = Debug|x64
		Release|x64 = Release|x64
	EndGlobalSection
	GlobalSection(ProjectConfigurationPlatforms) = postSolution
		{3A6C786F-ABC4-4D97-AA4C-5205987CBF88}.Debug|x64.ActiveCfg = Debug|x64
		{3A6C786F-ABC4-4D97-AA4C-5205987CBF88}.Debug|x64.Build.0 = Debug|x64
		{3A6C786F-ABC4-4D97-AA4C-5205987CBF88}.Release|x64.ActiveCfg = Release|x64
		{3A6C786F-ABC4-4D97-AA4C-5205987CBF88}.Release|x64.Build.0 = Release|x64
	EndGlobalSection
	GlobalSection(SolutionProperties) = preSolution
		HideSolutionNode = FALSE
	EndGlobalSection
	GlobalSection(ExtensibilityGlobals) = postSolution
		SolutionGuid = {EE5CBBFA-13C3-4355-AD6A-ABC66E20A4C3}
	EndGlobalSection
EndGlobal
